// !$*UTF8*$!
{
	archiveVersion = 1;
	classes = {
	};
	objectVersion = 56;
	objects = {

/* Begin PBXBuildFile section */
		A048314F2BE2AB9D009925DC /* NavigationApp.swift in Sources */ = {isa = PBXBuildFile; fileRef = A048314E2BE2AB9D009925DC /* NavigationApp.swift */; };
		A04831532BE2AB9E009925DC /* Assets.xcassets in Resources */ = {isa = PBXBuildFile; fileRef = A04831522BE2AB9E009925DC /* Assets.xcassets */; };
		A04831562BE2AB9E009925DC /* Preview Assets.xcassets in Resources */ = {isa = PBXBuildFile; fileRef = A04831552BE2AB9E009925DC /* Preview Assets.xcassets */; };
		A04831602BE2AB9E009925DC /* NavigationTests.swift in Sources */ = {isa = PBXBuildFile; fileRef = A048315F2BE2AB9E009925DC /* NavigationTests.swift */; };
		A048316A2BE2AB9E009925DC /* NavigationUITests.swift in Sources */ = {isa = PBXBuildFile; fileRef = A04831692BE2AB9E009925DC /* NavigationUITests.swift */; };
		A04831792BE2ABCA009925DC /* SampleList.swift in Sources */ = {isa = PBXBuildFile; fileRef = A04831782BE2ABCA009925DC /* SampleList.swift */; };
		A048317B2BE2ABE3009925DC /* Sample.swift in Sources */ = {isa = PBXBuildFile; fileRef = A048317A2BE2ABE3009925DC /* Sample.swift */; };
		A048317D2BE2AC5E009925DC /* SampleInfo.swift in Sources */ = {isa = PBXBuildFile; fileRef = A048317C2BE2AC5E009925DC /* SampleInfo.swift */; };
		A04831852BE5C5AD009925DC /* SampleState.swift in Sources */ = {isa = PBXBuildFile; fileRef = A04831842BE5C5AD009925DC /* SampleState.swift */; };
/* End PBXBuildFile section */

/* Begin PBXContainerItemProxy section */
		A048315C2BE2AB9E009925DC /* PBXContainerItemProxy */ = {
			isa = PBXContainerItemProxy;
			containerPortal = A04831432BE2AB9D009925DC /* Project object */;
			proxyType = 1;
			remoteGlobalIDString = A048314A2BE2AB9D009925DC;
			remoteInfo = Navigation;
		};
		A04831662BE2AB9E009925DC /* PBXContainerItemProxy */ = {
			isa = PBXContainerItemProxy;
			containerPortal = A04831432BE2AB9D009925DC /* Project object */;
			proxyType = 1;
			remoteGlobalIDString = A048314A2BE2AB9D009925DC;
			remoteInfo = Navigation;
		};
/* End PBXContainerItemProxy section */

/* Begin PBXFileReference section */
		A048314B2BE2AB9D009925DC /* Navigation.app */ = {isa = PBXFileReference; explicitFileType = wrapper.application; includeInIndex = 0; path = Navigation.app; sourceTree = BUILT_PRODUCTS_DIR; };
		A048314E2BE2AB9D009925DC /* NavigationApp.swift */ = {isa = PBXFileReference; lastKnownFileType = sourcecode.swift; path = NavigationApp.swift; sourceTree = "<group>"; };
		A04831522BE2AB9E009925DC /* Assets.xcassets */ = {isa = PBXFileReference; lastKnownFileType = folder.assetcatalog; path = Assets.xcassets; sourceTree = "<group>"; };
		A04831552BE2AB9E009925DC /* Preview Assets.xcassets */ = {isa = PBXFileReference; lastKnownFileType = folder.assetcatalog; path = "Preview Assets.xcassets"; sourceTree = "<group>"; };
		A048315B2BE2AB9E009925DC /* NavigationTests.xctest */ = {isa = PBXFileReference; explicitFileType = wrapper.cfbundle; includeInIndex = 0; path = NavigationTests.xctest; sourceTree = BUILT_PRODUCTS_DIR; };
		A048315F2BE2AB9E009925DC /* NavigationTests.swift */ = {isa = PBXFileReference; lastKnownFileType = sourcecode.swift; path = NavigationTests.swift; sourceTree = "<group>"; };
		A04831652BE2AB9E009925DC /* NavigationUITests.xctest */ = {isa = PBXFileReference; explicitFileType = wrapper.cfbundle; includeInIndex = 0; path = NavigationUITests.xctest; sourceTree = BUILT_PRODUCTS_DIR; };
		A04831692BE2AB9E009925DC /* NavigationUITests.swift */ = {isa = PBXFileReference; lastKnownFileType = sourcecode.swift; path = NavigationUITests.swift; sourceTree = "<group>"; };
		A04831782BE2ABCA009925DC /* SampleList.swift */ = {isa = PBXFileReference; lastKnownFileType = sourcecode.swift; path = SampleList.swift; sourceTree = "<group>"; };
		A048317A2BE2ABE3009925DC /* Sample.swift */ = {isa = PBXFileReference; lastKnownFileType = sourcecode.swift; path = Sample.swift; sourceTree = "<group>"; };
		A048317C2BE2AC5E009925DC /* SampleInfo.swift */ = {isa = PBXFileReference; lastKnownFileType = sourcecode.swift; path = SampleInfo.swift; sourceTree = "<group>"; };
		A04831842BE5C5AD009925DC /* SampleState.swift */ = {isa = PBXFileReference; lastKnownFileType = sourcecode.swift; path = SampleState.swift; sourceTree = "<group>"; };
		A04831862BE5D1DF009925DC /* NavigationUI.xctestplan */ = {isa = PBXFileReference; lastKnownFileType = text; path = NavigationUI.xctestplan; sourceTree = "<group>"; };
/* End PBXFileReference section */

/* Begin PBXFrameworksBuildPhase section */
		A04831482BE2AB9D009925DC /* Frameworks */ = {
			isa = PBXFrameworksBuildPhase;
			buildActionMask = 2147483647;
			files = (
			);
			runOnlyForDeploymentPostprocessing = 0;
		};
		A04831582BE2AB9E009925DC /* Frameworks */ = {
			isa = PBXFrameworksBuildPhase;
			buildActionMask = 2147483647;
			files = (
			);
			runOnlyForDeploymentPostprocessing = 0;
		};
		A04831622BE2AB9E009925DC /* Frameworks */ = {
			isa = PBXFrameworksBuildPhase;
			buildActionMask = 2147483647;
			files = (
			);
			runOnlyForDeploymentPostprocessing = 0;
		};
/* End PBXFrameworksBuildPhase section */

/* Begin PBXGroup section */
		A04831422BE2AB9D009925DC = {
			isa = PBXGroup;
			children = (
				A04831862BE5D1DF009925DC /* NavigationUI.xctestplan */,
				A048314D2BE2AB9D009925DC /* Navigation */,
				A048315E2BE2AB9E009925DC /* NavigationTests */,
				A04831682BE2AB9E009925DC /* NavigationUITests */,
				A048314C2BE2AB9D009925DC /* Products */,
			);
			sourceTree = "<group>";
		};
		A048314C2BE2AB9D009925DC /* Products */ = {
			isa = PBXGroup;
			children = (
				A048314B2BE2AB9D009925DC /* Navigation.app */,
				A048315B2BE2AB9E009925DC /* NavigationTests.xctest */,
				A04831652BE2AB9E009925DC /* NavigationUITests.xctest */,
			);
			name = Products;
			sourceTree = "<group>";
		};
		A048314D2BE2AB9D009925DC /* Navigation */ = {
			isa = PBXGroup;
			children = (
				A048314E2BE2AB9D009925DC /* NavigationApp.swift */,
				A048317A2BE2ABE3009925DC /* Sample.swift */,
				A048317C2BE2AC5E009925DC /* SampleInfo.swift */,
				A04831782BE2ABCA009925DC /* SampleList.swift */,
				A04831842BE5C5AD009925DC /* SampleState.swift */,
				A04831522BE2AB9E009925DC /* Assets.xcassets */,
				A04831542BE2AB9E009925DC /* Preview Content */,
			);
			path = Navigation;
			sourceTree = "<group>";
		};
		A04831542BE2AB9E009925DC /* Preview Content */ = {
			isa = PBXGroup;
			children = (
				A04831552BE2AB9E009925DC /* Preview Assets.xcassets */,
			);
			path = "Preview Content";
			sourceTree = "<group>";
		};
		A048315E2BE2AB9E009925DC /* NavigationTests */ = {
			isa = PBXGroup;
			children = (
				A048315F2BE2AB9E009925DC /* NavigationTests.swift */,
			);
			path = NavigationTests;
			sourceTree = "<group>";
		};
		A04831682BE2AB9E009925DC /* NavigationUITests */ = {
			isa = PBXGroup;
			children = (
				A04831692BE2AB9E009925DC /* NavigationUITests.swift */,
			);
			path = NavigationUITests;
			sourceTree = "<group>";
		};
/* End PBXGroup section */

/* Begin PBXNativeTarget section */
		A048314A2BE2AB9D009925DC /* Navigation */ = {
			isa = PBXNativeTarget;
			buildConfigurationList = A048316F2BE2AB9E009925DC /* Build configuration list for PBXNativeTarget "Navigation" */;
			buildPhases = (
				A04831472BE2AB9D009925DC /* Sources */,
				A04831482BE2AB9D009925DC /* Frameworks */,
				A04831492BE2AB9D009925DC /* Resources */,
			);
			buildRules = (
			);
			dependencies = (
			);
			name = Navigation;
			productName = Navigation;
			productReference = A048314B2BE2AB9D009925DC /* Navigation.app */;
			productType = "com.apple.product-type.application";
		};
		A048315A2BE2AB9E009925DC /* NavigationTests */ = {
			isa = PBXNativeTarget;
			buildConfigurationList = A04831722BE2AB9E009925DC /* Build configuration list for PBXNativeTarget "NavigationTests" */;
			buildPhases = (
				A04831572BE2AB9E009925DC /* Sources */,
				A04831582BE2AB9E009925DC /* Frameworks */,
				A04831592BE2AB9E009925DC /* Resources */,
			);
			buildRules = (
			);
			dependencies = (
				A048315D2BE2AB9E009925DC /* PBXTargetDependency */,
			);
			name = NavigationTests;
			productName = NavigationTests;
			productReference = A048315B2BE2AB9E009925DC /* NavigationTests.xctest */;
			productType = "com.apple.product-type.bundle.unit-test";
		};
		A04831642BE2AB9E009925DC /* NavigationUITests */ = {
			isa = PBXNativeTarget;
			buildConfigurationList = A04831752BE2AB9E009925DC /* Build configuration list for PBXNativeTarget "NavigationUITests" */;
			buildPhases = (
				A04831612BE2AB9E009925DC /* Sources */,
				A04831622BE2AB9E009925DC /* Frameworks */,
				A04831632BE2AB9E009925DC /* Resources */,
			);
			buildRules = (
			);
			dependencies = (
				A04831672BE2AB9E009925DC /* PBXTargetDependency */,
			);
			name = NavigationUITests;
			productName = NavigationUITests;
			productReference = A04831652BE2AB9E009925DC /* NavigationUITests.xctest */;
			productType = "com.apple.product-type.bundle.ui-testing";
		};
/* End PBXNativeTarget section */

/* Begin PBXProject section */
		A04831432BE2AB9D009925DC /* Project object */ = {
			isa = PBXProject;
			attributes = {
				BuildIndependentTargetsInParallel = 1;
				LastSwiftUpdateCheck = 1530;
				LastUpgradeCheck = 1530;
				TargetAttributes = {
					A048314A2BE2AB9D009925DC = {
						CreatedOnToolsVersion = 15.3;
					};
					A048315A2BE2AB9E009925DC = {
						CreatedOnToolsVersion = 15.3;
						TestTargetID = A048314A2BE2AB9D009925DC;
					};
					A04831642BE2AB9E009925DC = {
						CreatedOnToolsVersion = 15.3;
						TestTargetID = A048314A2BE2AB9D009925DC;
					};
				};
			};
			buildConfigurationList = A04831462BE2AB9D009925DC /* Build configuration list for PBXProject "Navigation" */;
			compatibilityVersion = "Xcode 14.0";
			developmentRegion = en;
			hasScannedForEncodings = 0;
			knownRegions = (
				en,
				Base,
			);
			mainGroup = A04831422BE2AB9D009925DC;
			productRefGroup = A048314C2BE2AB9D009925DC /* Products */;
			projectDirPath = "";
			projectRoot = "";
			targets = (
				A048314A2BE2AB9D009925DC /* Navigation */,
				A048315A2BE2AB9E009925DC /* NavigationTests */,
				A04831642BE2AB9E009925DC /* NavigationUITests */,
			);
		};
/* End PBXProject section */

/* Begin PBXResourcesBuildPhase section */
		A04831492BE2AB9D009925DC /* Resources */ = {
			isa = PBXResourcesBuildPhase;
			buildActionMask = 2147483647;
			files = (
				A04831562BE2AB9E009925DC /* Preview Assets.xcassets in Resources */,
				A04831532BE2AB9E009925DC /* Assets.xcassets in Resources */,
			);
			runOnlyForDeploymentPostprocessing = 0;
		};
		A04831592BE2AB9E009925DC /* Resources */ = {
			isa = PBXResourcesBuildPhase;
			buildActionMask = 2147483647;
			files = (
			);
			runOnlyForDeploymentPostprocessing = 0;
		};
		A04831632BE2AB9E009925DC /* Resources */ = {
			isa = PBXResourcesBuildPhase;
			buildActionMask = 2147483647;
			files = (
			);
			runOnlyForDeploymentPostprocessing = 0;
		};
/* End PBXResourcesBuildPhase section */

/* Begin PBXSourcesBuildPhase section */
		A04831472BE2AB9D009925DC /* Sources */ = {
			isa = PBXSourcesBuildPhase;
			buildActionMask = 2147483647;
			files = (
				A04831852BE5C5AD009925DC /* SampleState.swift in Sources */,
				A04831792BE2ABCA009925DC /* SampleList.swift in Sources */,
				A048317B2BE2ABE3009925DC /* Sample.swift in Sources */,
				A048314F2BE2AB9D009925DC /* NavigationApp.swift in Sources */,
				A048317D2BE2AC5E009925DC /* SampleInfo.swift in Sources */,
			);
			runOnlyForDeploymentPostprocessing = 0;
		};
		A04831572BE2AB9E009925DC /* Sources */ = {
			isa = PBXSourcesBuildPhase;
			buildActionMask = 2147483647;
			files = (
				A04831602BE2AB9E009925DC /* NavigationTests.swift in Sources */,
			);
			runOnlyForDeploymentPostprocessing = 0;
		};
		A04831612BE2AB9E009925DC /* Sources */ = {
			isa = PBXSourcesBuildPhase;
			buildActionMask = 2147483647;
			files = (
				A048316A2BE2AB9E009925DC /* NavigationUITests.swift in Sources */,
			);
			runOnlyForDeploymentPostprocessing = 0;
		};
/* End PBXSourcesBuildPhase section */

/* Begin PBXTargetDependency section */
		A048315D2BE2AB9E009925DC /* PBXTargetDependency */ = {
			isa = PBXTargetDependency;
			target = A048314A2BE2AB9D009925DC /* Navigation */;
			targetProxy = A048315C2BE2AB9E009925DC /* PBXContainerItemProxy */;
		};
		A04831672BE2AB9E009925DC /* PBXTargetDependency */ = {
			isa = PBXTargetDependency;
			target = A048314A2BE2AB9D009925DC /* Navigation */;
			targetProxy = A04831662BE2AB9E009925DC /* PBXContainerItemProxy */;
		};
/* End PBXTargetDependency section */

/* Begin XCBuildConfiguration section */
		A048316D2BE2AB9E009925DC /* Debug */ = {
			isa = XCBuildConfiguration;
			buildSettings = {
				ALWAYS_SEARCH_USER_PATHS = NO;
				ASSETCATALOG_COMPILER_GENERATE_SWIFT_ASSET_SYMBOL_EXTENSIONS = YES;
				CLANG_ANALYZER_NONNULL = YES;
				CLANG_ANALYZER_NUMBER_OBJECT_CONVERSION = YES_AGGRESSIVE;
				CLANG_CXX_LANGUAGE_STANDARD = "gnu++20";
				CLANG_ENABLE_MODULES = YES;
				CLANG_ENABLE_OBJC_ARC = YES;
				CLANG_ENABLE_OBJC_WEAK = YES;
				CLANG_WARN_BLOCK_CAPTURE_AUTORELEASING = YES;
				CLANG_WARN_BOOL_CONVERSION = YES;
				CLANG_WARN_COMMA = YES;
				CLANG_WARN_CONSTANT_CONVERSION = YES;
				CLANG_WARN_DEPRECATED_OBJC_IMPLEMENTATIONS = YES;
				CLANG_WARN_DIRECT_OBJC_ISA_USAGE = YES_ERROR;
				CLANG_WARN_DOCUMENTATION_COMMENTS = YES;
				CLANG_WARN_EMPTY_BODY = YES;
				CLANG_WARN_ENUM_CONVERSION = YES;
				CLANG_WARN_INFINITE_RECURSION = YES;
				CLANG_WARN_INT_CONVERSION = YES;
				CLANG_WARN_NON_LITERAL_NULL_CONVERSION = YES;
				CLANG_WARN_OBJC_IMPLICIT_RETAIN_SELF = YES;
				CLANG_WARN_OBJC_LITERAL_CONVERSION = YES;
				CLANG_WARN_OBJC_ROOT_CLASS = YES_ERROR;
				CLANG_WARN_QUOTED_INCLUDE_IN_FRAMEWORK_HEADER = YES;
				CLANG_WARN_RANGE_LOOP_ANALYSIS = YES;
				CLANG_WARN_STRICT_PROTOTYPES = YES;
				CLANG_WARN_SUSPICIOUS_MOVE = YES;
				CLANG_WARN_UNGUARDED_AVAILABILITY = YES_AGGRESSIVE;
				CLANG_WARN_UNREACHABLE_CODE = YES;
				CLANG_WARN__DUPLICATE_METHOD_MATCH = YES;
				COPY_PHASE_STRIP = NO;
				DEBUG_INFORMATION_FORMAT = dwarf;
				ENABLE_STRICT_OBJC_MSGSEND = YES;
				ENABLE_TESTABILITY = YES;
				ENABLE_USER_SCRIPT_SANDBOXING = YES;
				GCC_C_LANGUAGE_STANDARD = gnu17;
				GCC_DYNAMIC_NO_PIC = NO;
				GCC_NO_COMMON_BLOCKS = YES;
				GCC_OPTIMIZATION_LEVEL = 0;
				GCC_PREPROCESSOR_DEFINITIONS = (
					"DEBUG=1",
					"$(inherited)",
				);
				GCC_WARN_64_TO_32_BIT_CONVERSION = YES;
				GCC_WARN_ABOUT_RETURN_TYPE = YES_ERROR;
				GCC_WARN_UNDECLARED_SELECTOR = YES;
				GCC_WARN_UNINITIALIZED_AUTOS = YES_AGGRESSIVE;
				GCC_WARN_UNUSED_FUNCTION = YES;
				GCC_WARN_UNUSED_VARIABLE = YES;
				IPHONEOS_DEPLOYMENT_TARGET = 17.4;
				LOCALIZATION_PREFERS_STRING_CATALOGS = YES;
				MTL_ENABLE_DEBUG_INFO = INCLUDE_SOURCE;
				MTL_FAST_MATH = YES;
				ONLY_ACTIVE_ARCH = YES;
				SDKROOT = iphoneos;
				SWIFT_ACTIVE_COMPILATION_CONDITIONS = "DEBUG $(inherited)";
				SWIFT_OPTIMIZATION_LEVEL = "-Onone";
			};
			name = Debug;
		};
		A048316E2BE2AB9E009925DC /* Release */ = {
			isa = XCBuildConfiguration;
			buildSettings = {
				ALWAYS_SEARCH_USER_PATHS = NO;
				ASSETCATALOG_COMPILER_GENERATE_SWIFT_ASSET_SYMBOL_EXTENSIONS = YES;
				CLANG_ANALYZER_NONNULL = YES;
				CLANG_ANALYZER_NUMBER_OBJECT_CONVERSION = YES_AGGRESSIVE;
				CLANG_CXX_LANGUAGE_STANDARD = "gnu++20";
				CLANG_ENABLE_MODULES = YES;
				CLANG_ENABLE_OBJC_ARC = YES;
				CLANG_ENABLE_OBJC_WEAK = YES;
				CLANG_WARN_BLOCK_CAPTURE_AUTORELEASING = YES;
				CLANG_WARN_BOOL_CONVERSION = YES;
				CLANG_WARN_COMMA = YES;
				CLANG_WARN_CONSTANT_CONVERSION = YES;
				CLANG_WARN_DEPRECATED_OBJC_IMPLEMENTATIONS = YES;
				CLANG_WARN_DIRECT_OBJC_ISA_USAGE = YES_ERROR;
				CLANG_WARN_DOCUMENTATION_COMMENTS = YES;
				CLANG_WARN_EMPTY_BODY = YES;
				CLANG_WARN_ENUM_CONVERSION = YES;
				CLANG_WARN_INFINITE_RECURSION = YES;
				CLANG_WARN_INT_CONVERSION = YES;
				CLANG_WARN_NON_LITERAL_NULL_CONVERSION = YES;
				CLANG_WARN_OBJC_IMPLICIT_RETAIN_SELF = YES;
				CLANG_WARN_OBJC_LITERAL_CONVERSION = YES;
				CLANG_WARN_OBJC_ROOT_CLASS = YES_ERROR;
				CLANG_WARN_QUOTED_INCLUDE_IN_FRAMEWORK_HEADER = YES;
				CLANG_WARN_RANGE_LOOP_ANALYSIS = YES;
				CLANG_WARN_STRICT_PROTOTYPES = YES;
				CLANG_WARN_SUSPICIOUS_MOVE = YES;
				CLANG_WARN_UNGUARDED_AVAILABILITY = YES_AGGRESSIVE;
				CLANG_WARN_UNREACHABLE_CODE = YES;
				CLANG_WARN__DUPLICATE_METHOD_MATCH = YES;
				COPY_PHASE_STRIP = NO;
				DEBUG_INFORMATION_FORMAT = "dwarf-with-dsym";
				ENABLE_NS_ASSERTIONS = NO;
				ENABLE_STRICT_OBJC_MSGSEND = YES;
				ENABLE_USER_SCRIPT_SANDBOXING = YES;
				GCC_C_LANGUAGE_STANDARD = gnu17;
				GCC_NO_COMMON_BLOCKS = YES;
				GCC_WARN_64_TO_32_BIT_CONVERSION = YES;
				GCC_WARN_ABOUT_RETURN_TYPE = YES_ERROR;
				GCC_WARN_UNDECLARED_SELECTOR = YES;
				GCC_WARN_UNINITIALIZED_AUTOS = YES_AGGRESSIVE;
				GCC_WARN_UNUSED_FUNCTION = YES;
				GCC_WARN_UNUSED_VARIABLE = YES;
				IPHONEOS_DEPLOYMENT_TARGET = 17.4;
				LOCALIZATION_PREFERS_STRING_CATALOGS = YES;
				MTL_ENABLE_DEBUG_INFO = NO;
				MTL_FAST_MATH = YES;
				SDKROOT = iphoneos;
				SWIFT_COMPILATION_MODE = wholemodule;
				VALIDATE_PRODUCT = YES;
			};
			name = Release;
		};
		A04831702BE2AB9E009925DC /* Debug */ = {
			isa = XCBuildConfiguration;
			buildSettings = {
				ASSETCATALOG_COMPILER_APPICON_NAME = AppIcon;
				ASSETCATALOG_COMPILER_GLOBAL_ACCENT_COLOR_NAME = AccentColor;
				CODE_SIGN_STYLE = Automatic;
				CURRENT_PROJECT_VERSION = 1;
				DEVELOPMENT_ASSET_PATHS = "\"Navigation/Preview Content\"";
				DEVELOPMENT_TEAM = Y9SZ2V87PB;
				ENABLE_PREVIEWS = YES;
				GENERATE_INFOPLIST_FILE = YES;
				INFOPLIST_KEY_UIApplicationSceneManifest_Generation = YES;
				INFOPLIST_KEY_UIApplicationSupportsIndirectInputEvents = YES;
				INFOPLIST_KEY_UILaunchScreen_Generation = YES;
				INFOPLIST_KEY_UISupportedInterfaceOrientations_iPad = "UIInterfaceOrientationPortrait UIInterfaceOrientationPortraitUpsideDown UIInterfaceOrientationLandscapeLeft UIInterfaceOrientationLandscapeRight";
				INFOPLIST_KEY_UISupportedInterfaceOrientations_iPhone = "UIInterfaceOrientationPortrait UIInterfaceOrientationLandscapeLeft UIInterfaceOrientationLandscapeRight";
				LD_RUNPATH_SEARCH_PATHS = (
					"$(inherited)",
					"@executable_path/Frameworks",
				);
				MARKETING_VERSION = 1.0;
				PRODUCT_BUNDLE_IDENTIFIER = com.gladdingdevelopment.Navigation;
				PRODUCT_NAME = "$(TARGET_NAME)";
				SWIFT_EMIT_LOC_STRINGS = YES;
				SWIFT_VERSION = 5.0;
				TARGETED_DEVICE_FAMILY = "1,2";
			};
			name = Debug;
		};
		A04831712BE2AB9E009925DC /* Release */ = {
			isa = XCBuildConfiguration;
			buildSettings = {
				ASSETCATALOG_COMPILER_APPICON_NAME = AppIcon;
				ASSETCATALOG_COMPILER_GLOBAL_ACCENT_COLOR_NAME = AccentColor;
				CODE_SIGN_STYLE = Automatic;
				CURRENT_PROJECT_VERSION = 1;
				DEVELOPMENT_ASSET_PATHS = "\"Navigation/Preview Content\"";
				DEVELOPMENT_TEAM = Y9SZ2V87PB;
				ENABLE_PREVIEWS = YES;
				GENERATE_INFOPLIST_FILE = YES;
				INFOPLIST_KEY_UIApplicationSceneManifest_Generation = YES;
				INFOPLIST_KEY_UIApplicationSupportsIndirectInputEvents = YES;
				INFOPLIST_KEY_UILaunchScreen_Generation = YES;
				INFOPLIST_KEY_UISupportedInterfaceOrientations_iPad = "UIInterfaceOrientationPortrait UIInterfaceOrientationPortraitUpsideDown UIInterfaceOrientationLandscapeLeft UIInterfaceOrientationLandscapeRight";
				INFOPLIST_KEY_UISupportedInterfaceOrientations_iPhone = "UIInterfaceOrientationPortrait UIInterfaceOrientationLandscapeLeft UIInterfaceOrientationLandscapeRight";
				LD_RUNPATH_SEARCH_PATHS = (
					"$(inherited)",
					"@executable_path/Frameworks",
				);
				MARKETING_VERSION = 1.0;
				PRODUCT_BUNDLE_IDENTIFIER = com.gladdingdevelopment.Navigation;
				PRODUCT_NAME = "$(TARGET_NAME)";
				SWIFT_EMIT_LOC_STRINGS = YES;
				SWIFT_VERSION = 5.0;
				TARGETED_DEVICE_FAMILY = "1,2";
			};
			name = Release;
		};
		A04831732BE2AB9E009925DC /* Debug */ = {
			isa = XCBuildConfiguration;
			buildSettings = {
				ALWAYS_EMBED_SWIFT_STANDARD_LIBRARIES = YES;
				BUNDLE_LOADER = "$(TEST_HOST)";
				CODE_SIGN_STYLE = Automatic;
				CURRENT_PROJECT_VERSION = 1;
				DEVELOPMENT_TEAM = Y9SZ2V87PB;
				GENERATE_INFOPLIST_FILE = YES;
				IPHONEOS_DEPLOYMENT_TARGET = 17.4;
				MARKETING_VERSION = 1.0;
				PRODUCT_BUNDLE_IDENTIFIER = com.gladdingdevelopment.NavigationTests;
				PRODUCT_NAME = "$(TARGET_NAME)";
				SWIFT_EMIT_LOC_STRINGS = NO;
				SWIFT_VERSION = 5.0;
				TARGETED_DEVICE_FAMILY = "1,2";
				TEST_HOST = "$(BUILT_PRODUCTS_DIR)/Navigation.app/$(BUNDLE_EXECUTABLE_FOLDER_PATH)/Navigation";
			};
			name = Debug;
		};
		A04831742BE2AB9E009925DC /* Release */ = {
			isa = XCBuildConfiguration;
			buildSettings = {
				ALWAYS_EMBED_SWIFT_STANDARD_LIBRARIES = YES;
				BUNDLE_LOADER = "$(TEST_HOST)";
				CODE_SIGN_STYLE = Automatic;
				CURRENT_PROJECT_VERSION = 1;
				DEVELOPMENT_TEAM = Y9SZ2V87PB;
				GENERATE_INFOPLIST_FILE = YES;
				IPHONEOS_DEPLOYMENT_TARGET = 17.4;
				MARKETING_VERSION = 1.0;
				PRODUCT_BUNDLE_IDENTIFIER = com.gladdingdevelopment.NavigationTests;
				PRODUCT_NAME = "$(TARGET_NAME)";
				SWIFT_EMIT_LOC_STRINGS = NO;
				SWIFT_VERSION = 5.0;
				TARGETED_DEVICE_FAMILY = "1,2";
				TEST_HOST = "$(BUILT_PRODUCTS_DIR)/Navigation.app/$(BUNDLE_EXECUTABLE_FOLDER_PATH)/Navigation";
			};
			name = Release;
		};
		A04831762BE2AB9E009925DC /* Debug */ = {
			isa = XCBuildConfiguration;
			buildSettings = {
				ALWAYS_EMBED_SWIFT_STANDARD_LIBRARIES = YES;
				CODE_SIGN_STYLE = Automatic;
				CURRENT_PROJECT_VERSION = 1;
				DEVELOPMENT_TEAM = Y9SZ2V87PB;
				GENERATE_INFOPLIST_FILE = YES;
				MARKETING_VERSION = 1.0;
				PRODUCT_BUNDLE_IDENTIFIER = com.gladdingdevelopment.NavigationUITests;
				PRODUCT_NAME = "$(TARGET_NAME)";
				SWIFT_EMIT_LOC_STRINGS = NO;
				SWIFT_VERSION = 5.0;
				TARGETED_DEVICE_FAMILY = "1,2";
				TEST_TARGET_NAME = Navigation;
			};
			name = Debug;
		};
		A04831772BE2AB9E009925DC /* Release */ = {
			isa = XCBuildConfiguration;
			buildSettings = {
				ALWAYS_EMBED_SWIFT_STANDARD_LIBRARIES = YES;
				CODE_SIGN_STYLE = Automatic;
				CURRENT_PROJECT_VERSION = 1;
				DEVELOPMENT_TEAM = Y9SZ2V87PB;
				GENERATE_INFOPLIST_FILE = YES;
				MARKETING_VERSION = 1.0;
				PRODUCT_BUNDLE_IDENTIFIER = com.gladdingdevelopment.NavigationUITests;
				PRODUCT_NAME = "$(TARGET_NAME)";
				SWIFT_EMIT_LOC_STRINGS = NO;
				SWIFT_VERSION = 5.0;
				TARGETED_DEVICE_FAMILY = "1,2";
				TEST_TARGET_NAME = Navigation;
			};
			name = Release;
		};
/* End XCBuildConfiguration section */

/* Begin XCConfigurationList section */
		A04831462BE2AB9D009925DC /* Build configuration list for PBXProject "Navigation" */ = {
			isa = XCConfigurationList;
			buildConfigurations = (
				A048316D2BE2AB9E009925DC /* Debug */,
				A048316E2BE2AB9E009925DC /* Release */,
			);
			defaultConfigurationIsVisible = 0;
			defaultConfigurationName = Release;
		};
		A048316F2BE2AB9E009925DC /* Build configuration list for PBXNativeTarget "Navigation" */ = {
			isa = XCConfigurationList;
			buildConfigurations = (
				A04831702BE2AB9E009925DC /* Debug */,
				A04831712BE2AB9E009925DC /* Release */,
			);
			defaultConfigurationIsVisible = 0;
			defaultConfigurationName = Release;
		};
		A04831722BE2AB9E009925DC /* Build configuration list for PBXNativeTarget "NavigationTests" */ = {
			isa = XCConfigurationList;
			buildConfigurations = (
				A04831732BE2AB9E009925DC /* Debug */,
				A04831742BE2AB9E009925DC /* Release */,
			);
			defaultConfigurationIsVisible = 0;
			defaultConfigurationName = Release;
		};
		A04831752BE2AB9E009925DC /* Build configuration list for PBXNativeTarget "NavigationUITests" */ = {
			isa = XCConfigurationList;
			buildConfigurations = (
				A04831762BE2AB9E009925DC /* Debug */,
				A04831772BE2AB9E009925DC /* Release */,
			);
			defaultConfigurationIsVisible = 0;
			defaultConfigurationName = Release;
		};
/* End XCConfigurationList section */
	};
	rootObject = A04831432BE2AB9D009925DC /* Project object */;
}
